# This file is autogenerated, do not edit; changes may be undone by the next 'dep ensure'.


[[projects]]
  branch = "master"
  name = "github.com/pokochi/bitFlyer"
  packages = ["."]
  revision = "f03ca653a2d7c7d7044d63bb2ffa66f756c23756"

[solve-meta]
  analyzer-name = "dep"
  analyzer-version = 1
  inputs-digest = "62ac687e97427cbe093cde6917d52a1b8c22851ec861ab3ab2bf51fc705e2225"
  solver-name = "gps-cdcl"
  solver-version = 1
